
Microsoft Visual Studio Solution File, Format Version 12.00
# Visual Studio Version 17
VisualStudioVersion = 17.0.31903.59
MinimumVisualStudioVersion = 10.0.40219.1
Project("{FAE04EC0-301F-11D3-BF4B-00C04F79EFBC}") = "ConnectML.Core", "ConnectML.Core\ConnectML.Core.csproj", "{529CDA5C-056F-4C15-89DB-62004536A4DF}"
EndProject
Project("{FAE04EC0-301F-11D3-BF4B-00C04F79EFBC}") = "ConnectML.Infrastructure", "ConnectML.Infrastructure\ConnectML.Infrastructure.csproj", "{06662E23-4FB0-464D-88C1-954F6BDB7044}"
EndProject
Project("{FAE04EC0-301F-11D3-BF4B-00C04F79EFBC}") = "ConnectML.UI", "ConnectML.UI\ConnectML.UI.csproj", "{9D052D57-9524-4B80-B3DA-C824A3ED7C07}"
EndProject
Global
	GlobalSection(SolutionConfigurationPlatforms) = preSolution
		Debug|Any CPU = Debug|Any CPU
		Debug|x64 = Debug|x64
		Debug|x86 = Debug|x86
		Release|Any CPU = Release|Any CPU
		Release|x64 = Release|x64
		Release|x86 = Release|x86
	EndGlobalSection
	GlobalSection(ProjectConfigurationPlatforms) = postSolution
		{529CDA5C-056F-4C15-89DB-62004536A4DF}.Debug|Any CPU.ActiveCfg = Debug|Any CPU
		{529CDA5C-056F-4C15-89DB-62004536A4DF}.Debug|Any CPU.Build.0 = Debug|Any CPU
		{529CDA5C-056F-4C15-89DB-62004536A4DF}.Debug|x64.ActiveCfg = Debug|Any CPU
		{529CDA5C-056F-4C15-89DB-62004536A4DF}.Debug|x64.Build.0 = Debug|Any CPU
		{529CDA5C-056F-4C15-89DB-62004536A4DF}.Debug|x86.ActiveCfg = Debug|Any CPU
		{529CDA5C-056F-4C15-89DB-62004536A4DF}.Debug|x86.Build.0 = Debug|Any CPU
		{529CDA5C-056F-4C15-89DB-62004536A4DF}.Release|Any CPU.ActiveCfg = Release|Any CPU
		{529CDA5C-056F-4C15-89DB-62004536A4DF}.Release|Any CPU.Build.0 = Release|Any CPU
		{529CDA5C-056F-4C15-89DB-62004536A4DF}.Release|x64.ActiveCfg = Release|Any CPU
		{529CDA5C-056F-4C15-89DB-62004536A4DF}.Release|x64.Build.0 = Release|Any CPU
		{529CDA5C-056F-4C15-89DB-62004536A4DF}.Release|x86.ActiveCfg = Release|Any CPU
		{529CDA5C-056F-4C15-89DB-62004536A4DF}.Release|x86.Build.0 = Release|Any CPU
		{06662E23-4FB0-464D-88C1-954F6BDB7044}.Debug|Any CPU.ActiveCfg = Debug|Any CPU
		{06662E23-4FB0-464D-88C1-954F6BDB7044}.Debug|Any CPU.Build.0 = Debug|Any CPU
		{06662E23-4FB0-464D-88C1-954F6BDB7044}.Debug|x64.ActiveCfg = Debug|Any CPU
		{06662E23-4FB0-464D-88C1-954F6BDB7044}.Debug|x64.Build.0 = Debug|Any CPU
		{06662E23-4FB0-464D-88C1-954F6BDB7044}.Debug|x86.ActiveCfg = Debug|Any CPU
		{06662E23-4FB0-464D-88C1-954F6BDB7044}.Debug|x86.Build.0 = Debug|Any CPU
		{06662E23-4FB0-464D-88C1-954F6BDB7044}.Release|Any CPU.ActiveCfg = Release|Any CPU
		{06662E23-4FB0-464D-88C1-954F6BDB7044}.Release|Any CPU.Build.0 = Release|Any CPU
		{06662E23-4FB0-464D-88C1-954F6BDB7044}.Release|x64.ActiveCfg = Release|Any CPU
		{06662E23-4FB0-464D-88C1-954F6BDB7044}.Release|x64.Build.0 = Release|Any CPU
		{06662E23-4FB0-464D-88C1-954F6BDB7044}.Release|x86.ActiveCfg = Release|Any CPU
		{06662E23-4FB0-464D-88C1-954F6BDB7044}.Release|x86.Build.0 = Release|Any CPU
		{9D052D57-9524-4B80-B3DA-C824A3ED7C07}.Debug|Any CPU.ActiveCfg = Debug|Any CPU
		{9D052D57-9524-4B80-B3DA-C824A3ED7C07}.Debug|Any CPU.Build.0 = Debug|Any CPU
		{9D052D57-9524-4B80-B3DA-C824A3ED7C07}.Debug|x64.ActiveCfg = Debug|Any CPU
		{9D052D57-9524-4B80-B3DA-C824A3ED7C07}.Debug|x64.Build.0 = Debug|Any CPU
		{9D052D57-9524-4B80-B3DA-C824A3ED7C07}.Debug|x86.ActiveCfg = Debug|Any CPU
		{9D052D57-9524-4B80-B3DA-C824A3ED7C07}.Debug|x86.Build.0 = Debug|Any CPU
		{9D052D57-9524-4B80-B3DA-C824A3ED7C07}.Release|Any CPU.ActiveCfg = Release|Any CPU
		{9D052D57-9524-4B80-B3DA-C824A3ED7C07}.Release|Any CPU.Build.0 = Release|Any CPU
		{9D052D57-9524-4B80-B3DA-C824A3ED7C07}.Release|x64.ActiveCfg = Release|Any CPU
		{9D052D57-9524-4B80-B3DA-C824A3ED7C07}.Release|x64.Build.0 = Release|Any CPU
		{9D052D57-9524-4B80-B3DA-C824A3ED7C07}.Release|x86.ActiveCfg = Release|Any CPU
		{9D052D57-9524-4B80-B3DA-C824A3ED7C07}.Release|x86.Build.0 = Release|Any CPU
	EndGlobalSection
	GlobalSection(SolutionProperties) = preSolution
		HideSolutionNode = FALSE
	EndGlobalSection
EndGlobal
